
Microsoft Visual Studio Solution File, Format Version 12.00
# Visual Studio Version 17
VisualStudioVersion = 17.0.32014.148
MinimumVisualStudioVersion = 10.0.40219.1
Project("{9A19103F-16F7-4668-BE54-9A1E7A4F7556}") = "ESourcing.Products", "Esourcing.Products\ESourcing.Products.csproj", "{27807D13-CEC5-49DA-A233-409DCC3E4556}"
EndProject
Project("{2150E333-8FDC-42A3-9474-1A3956D46DE8}") = "Products", "Products", "{6429B00A-9B67-4FC3-8ECE-6BDBF2813A61}"
EndProject
Project("{2150E333-8FDC-42A3-9474-1A3956D46DE8}") = "src", "src", "{16A7A359-477C-4112-82E1-4DE5653D889E}"
EndProject
Project("{2150E333-8FDC-42A3-9474-1A3956D46DE8}") = "ApiGateway", "ApiGateway", "{50CB70C9-F11F-494B-8F2A-77E932140C54}"
EndProject
Project("{2150E333-8FDC-42A3-9474-1A3956D46DE8}") = "Services", "Services", "{2C48CB54-DA7B-40EB-ACB1-9766D0516E37}"
EndProject
Project("{2150E333-8FDC-42A3-9474-1A3956D46DE8}") = "WebApp", "WebApp", "{F9B36FE6-498D-4BF9-B3B0-2D7747C702A3}"
EndProject
Project("{2150E333-8FDC-42A3-9474-1A3956D46DE8}") = "Common", "Common", "{3875EF3C-D3E6-4A0B-A29E-FEDF2B7CD922}"
EndProject
Project("{2150E333-8FDC-42A3-9474-1A3956D46DE8}") = "Order", "Order", "{03C3B2E6-83D0-44FA-A8D5-31BBAEDAFDC9}"
EndProject
Project("{2150E333-8FDC-42A3-9474-1A3956D46DE8}") = "Sourcing", "Sourcing", "{9DD69BD5-5F0D-4FE1-811D-F8C63AB5E37A}"
EndProject
Global
	GlobalSection(SolutionConfigurationPlatforms) = preSolution
		Debug|Any CPU = Debug|Any CPU
		Release|Any CPU = Release|Any CPU
	EndGlobalSection
	GlobalSection(ProjectConfigurationPlatforms) = postSolution
		{27807D13-CEC5-49DA-A233-409DCC3E4556}.Debug|Any CPU.ActiveCfg = Debug|Any CPU
		{27807D13-CEC5-49DA-A233-409DCC3E4556}.Debug|Any CPU.Build.0 = Debug|Any CPU
		{27807D13-CEC5-49DA-A233-409DCC3E4556}.Release|Any CPU.ActiveCfg = Release|Any CPU
		{27807D13-CEC5-49DA-A233-409DCC3E4556}.Release|Any CPU.Build.0 = Release|Any CPU
	EndGlobalSection
	GlobalSection(SolutionProperties) = preSolution
		HideSolutionNode = FALSE
	EndGlobalSection
	GlobalSection(NestedProjects) = preSolution
		{27807D13-CEC5-49DA-A233-409DCC3E4556} = {6429B00A-9B67-4FC3-8ECE-6BDBF2813A61}
		{6429B00A-9B67-4FC3-8ECE-6BDBF2813A61} = {2C48CB54-DA7B-40EB-ACB1-9766D0516E37}
		{50CB70C9-F11F-494B-8F2A-77E932140C54} = {16A7A359-477C-4112-82E1-4DE5653D889E}
		{2C48CB54-DA7B-40EB-ACB1-9766D0516E37} = {16A7A359-477C-4112-82E1-4DE5653D889E}
		{F9B36FE6-498D-4BF9-B3B0-2D7747C702A3} = {16A7A359-477C-4112-82E1-4DE5653D889E}
		{3875EF3C-D3E6-4A0B-A29E-FEDF2B7CD922} = {2C48CB54-DA7B-40EB-ACB1-9766D0516E37}
		{03C3B2E6-83D0-44FA-A8D5-31BBAEDAFDC9} = {2C48CB54-DA7B-40EB-ACB1-9766D0516E37}
		{9DD69BD5-5F0D-4FE1-811D-F8C63AB5E37A} = {2C48CB54-DA7B-40EB-ACB1-9766D0516E37}
	EndGlobalSection
	GlobalSection(ExtensibilityGlobals) = postSolution
		SolutionGuid = {6ACB52BE-8669-490D-8EFE-17B51EA6A4C7}
	EndGlobalSection
EndGlobal
